
Microsoft Visual Studio Solution File, Format Version 12.00
# Visual Studio Version 17
VisualStudioVersion = 17.2.32516.85
MinimumVisualStudioVersion = 10.0.40219.1
Project("{FAE04EC0-301F-11D3-BF4B-00C04F79EFBC}") = "Product market", "Product market\Product market.csproj", "{67553832-D339-42C4-8930-4719ADF946E6}"
EndProject
Global
	GlobalSection(SolutionConfigurationPlatforms) = preSolution
		Debug|Any CPU = Debug|Any CPU
		Release|Any CPU = Release|Any CPU
	EndGlobalSection
	GlobalSection(ProjectConfigurationPlatforms) = postSolution
		{67553832-D339-42C4-8930-4719ADF946E6}.Debug|Any CPU.ActiveCfg = Debug|Any CPU
		{67553832-D339-42C4-8930-4719ADF946E6}.Debug|Any CPU.Build.0 = Debug|Any CPU
		{67553832-D339-42C4-8930-4719ADF946E6}.Release|Any CPU.ActiveCfg = Release|Any CPU
		{67553832-D339-42C4-8930-4719ADF946E6}.Release|Any CPU.Build.0 = Release|Any CPU
	EndGlobalSection
	GlobalSection(SolutionProperties) = preSolution
		HideSolutionNode = FALSE
	EndGlobalSection
	GlobalSection(ExtensibilityGlobals) = postSolution
		SolutionGuid = {8B9143E5-2C87-4068-B3D8-89AF15E29051}
	EndGlobalSection
EndGlobal
